Microsoft Visual Studio Solution File, Format Version 12.00
# Visual Studio Version 17
VisualStudioVersion = 17.5.2.0
MinimumVisualStudioVersion = 10.0.40219.1
Project("{FAE04EC0-301F-11D3-BF4B-00C04F79EFBC}") = "web_client", "web_client.csproj", "{EA7201E3-D2B4-2F66-4339-B592A8A7CE76}"
EndProject
Global
	GlobalSection(SolutionConfigurationPlatforms) = preSolution
		Debug|Any CPU = Debug|Any CPU
		Release|Any CPU = Release|Any CPU
	EndGlobalSection
	GlobalSection(ProjectConfigurationPlatforms) = postSolution
		{EA7201E3-D2B4-2F66-4339-B592A8A7CE76}.Debug|Any CPU.ActiveCfg = Debug|Any CPU
		{EA7201E3-D2B4-2F66-4339-B592A8A7CE76}.Debug|Any CPU.Build.0 = Debug|Any CPU
		{EA7201E3-D2B4-2F66-4339-B592A8A7CE76}.Release|Any CPU.ActiveCfg = Release|Any CPU
		{EA7201E3-D2B4-2F66-4339-B592A8A7CE76}.Release|Any CPU.Build.0 = Release|Any CPU
	EndGlobalSection
	GlobalSection(SolutionProperties) = preSolution
		HideSolutionNode = FALSE
	EndGlobalSection
	GlobalSection(ExtensibilityGlobals) = postSolution
		SolutionGuid = {92F1DC4B-23E2-4120-9BAB-EC186AECA5B0}
	EndGlobalSection
EndGlobal
